
Microsoft Visual Studio Solution File, Format Version 12.00
Project("{FAE04EC0-301F-11D3-BF4B-00C04F79EFBC}") = "URLShorter", "URLShorter\URLShorter.csproj", "{AE215833-71DC-46B5-BB6D-8F9E815793DB}"
EndProject
Project("{2150E333-8FDC-42A3-9474-1A3956D46DE8}") = "Solution Items", "Solution Items", "{C9BE3790-A29E-4946-B9A8-33C9FAB08338}"
EndProject
Global
	GlobalSection(SolutionConfigurationPlatforms) = preSolution
		Debug|Any CPU = Debug|Any CPU
		Release|Any CPU = Release|Any CPU
	EndGlobalSection
	GlobalSection(ProjectConfigurationPlatforms) = postSolution
		{AE215833-71DC-46B5-BB6D-8F9E815793DB}.Debug|Any CPU.ActiveCfg = Debug|Any CPU
		{AE215833-71DC-46B5-BB6D-8F9E815793DB}.Debug|Any CPU.Build.0 = Debug|Any CPU
		{AE215833-71DC-46B5-BB6D-8F9E815793DB}.Release|Any CPU.ActiveCfg = Release|Any CPU
		{AE215833-71DC-46B5-BB6D-8F9E815793DB}.Release|Any CPU.Build.0 = Release|Any CPU
	EndGlobalSection
EndGlobal
